PODS:
  - RZCollectionList (0.7.0)
  - UIColor+MLPFlatColors (1.0)

DEPENDENCIES:
  - RZCollectionList (from `git@github.com:Raizlabs/RZCollectionList.git`, tag `0.7.1`)
  - UIColor+MLPFlatColors (= 1.0)

EXTERNAL SOURCES:
  RZCollectionList:
    :git: git@github.com:Raizlabs/RZCollectionList.git
    :tag: 0.7.1

CHECKOUT OPTIONS:
  RZCollectionList:
    :git: git@github.com:Raizlabs/RZCollectionList.git
    :tag: 0.7.1

SPEC CHECKSUMS:
  RZCollectionList: e858029e069be05048ee8d43e889bad70230619c
  UIColor+MLPFlatColors: 14deb8f28da06ab8918c14231d4ff49ca7cd384a

COCOAPODS: 0.37.1
